
Microsoft Visual Studio Solution File, Format Version 12.00
# Visual Studio Version 17
VisualStudioVersion = 17.2.32616.157
MinimumVisualStudioVersion = 10.0.40219.1
Project("{FAE04EC0-301F-11D3-BF4B-00C04F79EFBC}") = "RebusQueue", "RebusQueue\RebusQueue.csproj", "{8824BAAD-FEA2-4D14-A6A2-C90DE87EE13F}"
EndProject
Global
	GlobalSection(SolutionConfigurationPlatforms) = preSolution
		Debug|Any CPU = Debug|Any CPU
		Release|Any CPU = Release|Any CPU
	EndGlobalSection
	GlobalSection(ProjectConfigurationPlatforms) = postSolution
		{8824BAAD-FEA2-4D14-A6A2-C90DE87EE13F}.Debug|Any CPU.ActiveCfg = Debug|Any CPU
		{8824BAAD-FEA2-4D14-A6A2-C90DE87EE13F}.Debug|Any CPU.Build.0 = Debug|Any CPU
		{8824BAAD-FEA2-4D14-A6A2-C90DE87EE13F}.Release|Any CPU.ActiveCfg = Release|Any CPU
		{8824BAAD-FEA2-4D14-A6A2-C90DE87EE13F}.Release|Any CPU.Build.0 = Release|Any CPU
	EndGlobalSection
	GlobalSection(SolutionProperties) = preSolution
		HideSolutionNode = FALSE
	EndGlobalSection
	GlobalSection(ExtensibilityGlobals) = postSolution
		SolutionGuid = {893F4581-9D2D-40B4-9F53-F6519D5F6C33}
	EndGlobalSection
EndGlobal
